{
    "_meta": {
        "hash": {
            "sha256": "6f322d55666bb43b8811ce4eb63bc3791d7f50d8f5caba8608e5d9ffd272a6dd"
        },
        "pipfile-spec": 6,
        "requires": {
            "python_version": "3.10"
        },
        "sources": [
            {
                "name": "pypi",
                "url": "https://pypi.org/simple",
                "verify_ssl": true
            }
        ]
    },
    "default": {
        "numpy": {
            "hashes": [
                "sha256:0cfe07133fd00b27edee5e6385e333e9eeb010607e8a46e1cd673f05f8596595",
                "sha256:11a1f3816ea82eed4178102c56281782690ab5993251fdfd75039aad4d20385f",
                "sha256:2762331de395739c91f1abb88041f94a080cb1143aeec791b3b223976228af3f",
                "sha256:283d9de87c0133ef98f93dfc09fad3fb382f2a15580de75c02b5bb36a5a159a5",
                "sha256:3d22662b4b10112c545c91a0741f2436f8ca979ab3d69d03d19322aa970f9695",
                "sha256:41388e32e40b41dd56eb37fcaa7488b2b47b0adf77c66154d6b89622c110dfe9",
                "sha256:42c16cec1c8cf2728f1d539bd55aaa9d6bb48a7de2f41eb944697293ef65a559",
                "sha256:47ee7a839f5885bc0c63a74aabb91f6f40d7d7b639253768c4199b37aede7982",
                "sha256:5a311ee4d983c487a0ab546708edbdd759393a3dc9cd30305170149fedd23c88",
                "sha256:5dc65644f75a4c2970f21394ad8bea1a844104f0fe01f278631be1c7eae27226",
                "sha256:6ed0d073a9c54ac40c41a9c2d53fcc3d4d4ed607670b9e7b0de1ba13b4cbfe6f",
                "sha256:76ba7c40e80f9dc815c5e896330700fd6e20814e69da9c1267d65a4d051080f1",
                "sha256:818b9be7900e8dc23e013a92779135623476f44a0de58b40c32a15368c01d471",
                "sha256:a024181d7aef0004d76fb3bce2a4c9f2e67a609a9e2a6ff2571d30e9976aa383",
                "sha256:a955e4128ac36797aaffd49ab44ec74a71c11d6938df83b1285492d277db5397",
                "sha256:a97a954a8c2f046d3817c2bce16e3c7e9a9c2afffaf0400f5c16df5172a67c9c",
                "sha256:a97e82c39d9856fe7d4f9b86d8a1e66eff99cf3a8b7ba48202f659703d27c46f",
                "sha256:b55b953a1bdb465f4dc181758570d321db4ac23005f90ffd2b434cc6609a63dd",
                "sha256:bb02929b0d6bfab4c48a79bd805bd7419114606947ec8284476167415171f55b",
                "sha256:bece0a4a49e60e472a6d1f70ac6cdea00f9ab80ff01132f96bd970cdd8a9e5a9",
                "sha256:e41e8951749c4b5c9a2dc5fdbc1a4eec6ab2a140fdae9b460b0f557eed870f4d",
                "sha256:f71d57cc8645f14816ae249407d309be250ad8de93ef61d9709b45a0ddf4050c"
            ],
            "markers": "python_version >= '3.8'",
            "version": "==1.22.0"
        },
        "pandas": {
            "hashes": [
                "sha256:1e4285f5de1012de20ca46b188ccf33521bff61ba5c5ebd78b4fb28e5416a9f1",
                "sha256:2651d75b9a167cc8cc572cf787ab512d16e316ae00ba81874b560586fa1325e0",
                "sha256:2c21778a688d3712d35710501f8001cdbf96eb70a7c587a3d5613573299fdca6",
                "sha256:32e1a26d5ade11b547721a72f9bfc4bd113396947606e00d5b4a5b79b3dcb006",
                "sha256:3345343206546545bc26a05b4602b6a24385b5ec7c75cb6059599e3d56831da2",
                "sha256:344295811e67f8200de2390093aeb3c8309f5648951b684d8db7eee7d1c81fb7",
                "sha256:37f06b59e5bc05711a518aa10beaec10942188dccb48918bb5ae602ccbc9f1a0",
                "sha256:552020bf83b7f9033b57cbae65589c01e7ef1544416122da0c79140c93288f56",
                "sha256:5cce0c6bbeb266b0e39e35176ee615ce3585233092f685b6a82362523e59e5b4",
                "sha256:5f261553a1e9c65b7a310302b9dbac31cf0049a51695c14ebe04e4bfd4a96f02",
                "sha256:60a8c055d58873ad81cae290d974d13dd479b82cbb975c3e1fa2cf1920715296",
                "sha256:62d5b5ce965bae78f12c1c0df0d387899dd4211ec0bdc52822373f13a3a022b9",
                "sha256:7d28a3c65463fd0d0ba8bbb7696b23073efee0510783340a44b08f5e96ffce0c",
                "sha256:8025750767e138320b15ca16d70d5cdc1886e8f9cc56652d89735c016cd8aea6",
                "sha256:8b6dbec5f3e6d5dc80dcfee250e0a2a652b3f28663492f7dab9a24416a48ac39",
                "sha256:a395692046fd8ce1edb4c6295c35184ae0c2bbe787ecbe384251da609e27edcb",
                "sha256:a62949c626dd0ef7de11de34b44c6475db76995c2064e2d99c6498c3dba7fe58",
                "sha256:aaf183a615ad790801fa3cf2fa450e5b6d23a54684fe386f7e3208f8b9bfbef6",
                "sha256:adfeb11be2d54f275142c8ba9bf67acee771b7186a5745249c7d5a06c670136b",
                "sha256:b6b87b2fb39e6383ca28e2829cddef1d9fc9e27e55ad91ca9c435572cdba51bf",
                "sha256:bd971a3f08b745a75a86c00b97f3007c2ea175951286cdda6abe543e687e5f2f",
                "sha256:c69406a2808ba6cf580c2255bcf260b3f214d2664a3a4197d0e640f573b46fd3",
                "sha256:d3bc49af96cd6285030a64779de5b3688633a07eb75c124b0747134a63f4c05f",
                "sha256:fd541ab09e1f80a2a1760032d665f6e032d8e44055d602d65eeea6e6e85498cb",
                "sha256:fe95bae4e2d579812865db2212bb733144e34d0c6785c0685329e5b60fcb85dd"
            ],
            "index": "pypi",
            "version": "==1.3.5"
        },
        "py4j": {
            "hashes": [
                "sha256:624f97c363b8dd84822bc666b12fa7f7d97824632b2ff3d852cc491359ce7615",
                "sha256:bf0485388e415ff26710d2dc719cb0ede16cf1164b1ee757e0ebb2e98c471521"
            ],
            "version": "==0.10.9.2"
        },
        "pyarrow": {
            "hashes": [
                "sha256:02baee816456a6e64486e587caaae2bf9f084fa3a891354ff18c3e945a1cb72f",
                "sha256:04c752fb41921d0064568a15a87dbb0222cfbe9040d4b2c1b306fe6e0a453530",
                "sha256:0e0ef24b316c544f4bb56f5c376129097df3739e665feca0eb567f716d45c55a",
                "sha256:1cd4de317df01679e538004123d6d7bc325d73bad5c6bbc3d5f8aa2280408869",
                "sha256:1f4f3db1da51db4cfbafab3066a01b01578884206dced9f505da950d9ed4402d",
                "sha256:1fd077c06061b8fa8fdf91591a4270e368f63cf73c6ab56924d3b64efa96a873",
                "sha256:2403c8af207262ce8e2bc1a9d19313941fd2e424f1cb3c4b749c17efe1fd699a",
                "sha256:2523f87bd36877123fc8c4813f60d298722143ead73e907690a87e8557114693",
                "sha256:2c13ec3b26b3b069d673c5fa3a0c70c38f0d5c94686ac5dbc9d7e7d24040f812",
                "sha256:31038366484e538608f43920a5e2957b8862a43aa49438814619b527f50ec127",
                "sha256:423990d56cd8f12283b67367d48e142739b789085185018eb03d05087c3c8d43",
                "sha256:5308f4bb770b48e07c8cff36cf6a4452862e8ce9492428ad5581d846420b3884",
                "sha256:604782b1c744b24a55df80125991a7154fbdef60991eb3d02bfaed06d22f055e",
                "sha256:632bea00c2fbe2da5d29ff1698fec312ed3aabfb548f06100144e1907e22093a",
                "sha256:6b6483bf6b61fe9a046235e4ad4d9286b707607878d7dbdc2eb85a6ec4090baf",
                "sha256:71891049dc58039a9523e1cb0d921be001dacb2b327fa7b62a35b96a3aad9f0d",
                "sha256:725d3fe49dfe392ff14a8ae6a75b230a60e8985f2b621b18cfa912fe02b65f1a",
                "sha256:7ecad40a1d4e0104cd87757a403f36850261e7a989cf9e4cb3e30420bbbd1092",
                "sha256:8f7d34efb9d667f9204b40ce91a77613c46691c24cd098e3b6986bd7401b8f06",
                "sha256:943141dd8cca6c5722552a0b11a3c2e791cdf85f1768dea8170b0a8a7e824ff9",
                "sha256:954326b426eec6e31ff55209f8840b54d788420e96c4005aaa7beed1fe60b42d",
                "sha256:981ccdf4f2696550733e18da882469893d2f33f55f3cbeb6a90f81741cbf67aa",
                "sha256:9e90e75cb11e61ffeffb374f1db7c4788f1df0cb269596bf86c473155294958d",
                "sha256:a424fd9a3253d0322d53be7bbb20b5b01511706a61efadcf37f416da325e3d48",
                "sha256:b63b54dd0bada05fff76c15b233f9322de0e6947071b7871ec45024e16045aeb",
                "sha256:b8628269bd9289cae0ea668f5900451043252fe3666667f614e140084dd31aac",
                "sha256:c3a727642c1283dcb44728f0d0a00f8864b171e31c835f4b8def07e3fa8f5c73",
                "sha256:c80d2436294a07f9cc54852aa1cef034b6f9c97d29235c4bd53bbf52e24f1ebf",
                "sha256:c958cf3a4a9eee09e1063c02b89e882d19c61b3a2ce6cbd55191a6f45ed5004b",
                "sha256:cde4f711cd9476d4da18128c3a40cb529b6b7d2679aee6e0576212547530fef1",
                "sha256:d29605727865177918e806d855fd8404b6242bf1e56ade0a0023cd4fe5f7f841",
                "sha256:dc03c875e5d68b0d0143f94c438add3ab3c2411ade2748423a9c24608fea571e",
                "sha256:e3c9184335da8faf08c0df95668ce9d778df3795ce4eec959f44908742900e10",
                "sha256:e77b1f7c6c08ec319b7882c1a7c7304731530923532b3243060e6e64c456cf34",
                "sha256:f150b4f222d0ba397388908725692232345adaa8e58ad543ca00f03c7234ae7b",
                "sha256:fab8132193ae095c43b1e8d6d7f393451ac198de5aaf011c6b576b1442966fec"
            ],
            "index": "pypi",
            "version": "==6.0.1"
        },
        "pyspark": {
            "hashes": [
                "sha256:bfea06179edbfb4bc76a0f470bd3c38e12f00e1023e3ad0373558d07cff102ab"
            ],
            "index": "pypi",
            "version": "==3.2.0"
        },
        "python-dateutil": {
            "hashes": [
                "sha256:0123cacc1627ae19ddf3c27a5de5bd67ee4586fbdd6440d9748f8abb483d3e86",
                "sha256:961d03dc3453ebbc59dbdea9e4e11c5651520a876d0f4db161e8674aae935da9"
            ],
            "markers": "python_version >= '2.7' and python_version not in '3.0, 3.1, 3.2, 3.3'",
            "version": "==2.8.2"
        },
        "pytz": {
            "hashes": [
                "sha256:3672058bc3453457b622aab7a1c3bfd5ab0bdae451512f6cf25f64ed37f5b87c",
                "sha256:acad2d8b20a1af07d4e4c9d2e9285c5ed9104354062f275f3fcd88dcef4f1326"
            ],
            "version": "==2021.3"
        },
        "six": {
            "hashes": [
                "sha256:1e61c37477a1626458e36f7b1d82aa5c9b094fa4802892072e49de9c60c4c926",
                "sha256:8abb2f1d86890a2dfb989f9a77cfcfd3e47c2a354b01111771326f8aa26e0254"
            ],
            "markers": "python_version >= '2.7' and python_version not in '3.0, 3.1, 3.2, 3.3'",
            "version": "==1.16.0"
        }
    },
    "develop": {}
}
